{
    "_readme": [
        "This file locks the dependencies of your project to a known state",
        "Read more about it at https://getcomposer.org/doc/01-basic-usage.md#installing-dependencies",
        "This file is @generated automatically"
    ],
    "content-hash": "8b40668401275700dfbf3a1541378cf0",
    "packages": [
        {
            "name": "willdurand/email-reply-parser",
            "version": "2.9.0",
            "source": {
                "type": "git",
                "url": "https://github.com/willdurand/EmailReplyParser.git",
                "reference": "642bec19af70c2bf2f2611301349107fe2e6dd08"
            },
            "dist": {
                "type": "zip",
                "url": "https://api.github.com/repos/willdurand/EmailReplyParser/zipball/642bec19af70c2bf2f2611301349107fe2e6dd08",
                "reference": "642bec19af70c2bf2f2611301349107fe2e6dd08",
                "shasum": ""
            },
            "require": {
                "php": ">=5.6.0"
            },
            "require-dev": {
                "phpunit/phpunit": "^4.8.35|^5.7"
            },
            "type": "library",
            "extra": {
                "branch-alias": {
                    "dev-master": "2.8-dev"
                }
            },
            "autoload": {
                "psr-4": {
                    "EmailReplyParser\\": "src/EmailReplyParser"
                }
            },
            "notification-url": "https://packagist.org/downloads/",
            "license": [
                "MIT"
            ],
            "authors": [
                {
                    "name": "William Durand",
                    "email": "will+git@drnd.me"
                }
            ],
            "description": "Port of the cool GitHub's EmailReplyParser library in PHP",
            "keywords": [
                "email",
                "reply-parser"
            ],
            "time": "2020-03-24T16:04:10+00:00"
        }
    ],
    "packages-dev": [],
    "aliases": [],
    "minimum-stability": "stable",
    "stability-flags": [],
    "prefer-stable": false,
    "prefer-lowest": false,
    "platform": [],
    "platform-dev": []
}
