{
    "_readme": [
        "This file locks the dependencies of your project to a known state",
        "Read more about it at https://getcomposer.org/doc/01-basic-usage.md#installing-dependencies",
        "This file is @generated automatically"
    ],
    "content-hash": "f96779ce08b3a5f4a21165939a1bcbd2",
    "packages": [
        {
            "name": "nahid/jsonq",
            "version": "v5.2.4",
            "source": {
                "type": "git",
                "url": "https://github.com/nahid/jsonq.git",
                "reference": "8b38ceaa05c6d92355637e300dec15dcdab21474"
            },
            "dist": {
                "type": "zip",
                "url": "https://api.github.com/repos/nahid/jsonq/zipball/8b38ceaa05c6d92355637e300dec15dcdab21474",
                "reference": "8b38ceaa05c6d92355637e300dec15dcdab21474",
                "shasum": ""
            },
            "require": {
                "php": ">=5.5.0"
            },
            "require-dev": {
                "graham-campbell/testbench": "^3.1",
                "phpunit/phpunit": "^4.8 || ^5.0",
                "symfony/var-dumper": "^3.4"
            },
            "type": "library",
            "autoload": {
                "psr-4": {
                    "Nahid\\JsonQ\\": "src/"
                }
            },
            "notification-url": "https://packagist.org/downloads/",
            "license": [
                "CC0-1.0"
            ],
            "authors": [
                {
                    "name": "Nahid Bin Azhar",
                    "email": "nahid.dns@gmail.com"
                }
            ],
            "description": "JsonQ is a PHP based json data query library",
            "homepage": "https://github.com/nahid/jsonq",
            "keywords": [
                "json",
                "jsonq",
                "query"
            ],
            "time": "2019-10-17T18:53:33+00:00"
        },
        {
            "name": "willdurand/email-reply-parser",
            "version": "2.9.0",
            "source": {
                "type": "git",
                "url": "https://github.com/willdurand/EmailReplyParser.git",
                "reference": "642bec19af70c2bf2f2611301349107fe2e6dd08"
            },
            "dist": {
                "type": "zip",
                "url": "https://api.github.com/repos/willdurand/EmailReplyParser/zipball/642bec19af70c2bf2f2611301349107fe2e6dd08",
                "reference": "642bec19af70c2bf2f2611301349107fe2e6dd08",
                "shasum": ""
            },
            "require": {
                "php": ">=5.6.0"
            },
            "require-dev": {
                "phpunit/phpunit": "^4.8.35|^5.7"
            },
            "type": "library",
            "extra": {
                "branch-alias": {
                    "dev-master": "2.8-dev"
                }
            },
            "autoload": {
                "psr-4": {
                    "EmailReplyParser\\": "src/EmailReplyParser"
                }
            },
            "notification-url": "https://packagist.org/downloads/",
            "license": [
                "MIT"
            ],
            "authors": [
                {
                    "name": "William Durand",
                    "email": "will+git@drnd.me"
                }
            ],
            "description": "Port of the cool GitHub's EmailReplyParser library in PHP",
            "keywords": [
                "email",
                "reply-parser"
            ],
            "time": "2020-03-24T16:04:10+00:00"
        }
    ],
    "packages-dev": [],
    "aliases": [],
    "minimum-stability": "stable",
    "stability-flags": [],
    "prefer-stable": false,
    "prefer-lowest": false,
    "platform": [],
    "platform-dev": []
}
