{
    "_readme": [
        "This file locks the dependencies of your project to a known state",
        "Read more about it at https://getcomposer.org/doc/01-basic-usage.md#installing-dependencies",
        "This file is @generated automatically"
    ],
    "content-hash": "a36c01eabc20fa2114b7a3f43040587f",
    "packages": [
        {
            "name": "sisow/php-client",
            "version": "1.0.0",
            "source": {
                "type": "git",
                "url": "https://github.com/Sisow/php-client.git",
                "reference": "c1b71cb90ef88d6b90fc8fa8b0a0755493428409"
            },
            "dist": {
                "type": "zip",
                "url": "https://api.github.com/repos/Sisow/php-client/zipball/c1b71cb90ef88d6b90fc8fa8b0a0755493428409",
                "reference": "c1b71cb90ef88d6b90fc8fa8b0a0755493428409",
                "shasum": ""
            },
            "require": {
                "ext-curl": "*",
                "ext-simplexml": "*",
                "php": ">=7.0.7"
            },
            "require-dev": {
                "phpunit/phpunit": "^7"
            },
            "type": "library",
            "autoload": {
                "psr-4": {
                    "Sisow\\": "src/"
                }
            },
            "notification-url": "https://packagist.org/downloads/",
            "license": [
                "MIT"
            ],
            "authors": [
                {
                    "name": "Mark van Haaren (Sisow B.V.)",
                    "email": "support@sisow.nl",
                    "homepage": "https://www.sisow.nl",
                    "role": "Developer"
                }
            ],
            "description": "PHP client to integrate Sisow payment methods",
            "homepage": "https://www.sisow.nl",
            "keywords": [
                "afterpay",
                "bancontact",
                "creditcard",
                "eps",
                "giropay",
                "ideal",
                "klarna",
                "mastercard",
                "payment",
                "paypal",
                "sisow",
                "sofort",
                "visa"
            ],
            "time": "2019-11-20T10:44:25+00:00"
        }
    ],
    "packages-dev": [],
    "aliases": [],
    "minimum-stability": "stable",
    "stability-flags": [],
    "prefer-stable": false,
    "prefer-lowest": false,
    "platform": [],
    "platform-dev": [],
    "plugin-api-version": "1.1.0"
}
